
Microsoft Visual Studio Solution File, Format Version 12.00
# Visual Studio Version 16
VisualStudioVersion = 16.0.31205.134
MinimumVisualStudioVersion = 10.0.40219.1
Project("{FAE04EC0-301F-11D3-BF4B-00C04F79EFBC}") = "HelloWorld", "HelloWorld.csproj", "{EE8CCB39-8111-4042-94DC-859CBB89ACCE}"
EndProject
Global
	GlobalSection(SolutionConfigurationPlatforms) = preSolution
		Debug|Any CPU = Debug|Any CPU
		Release|Any CPU = Release|Any CPU
	EndGlobalSection
	GlobalSection(ProjectConfigurationPlatforms) = postSolution
		{EE8CCB39-8111-4042-94DC-859CBB89ACCE}.Debug|Any CPU.ActiveCfg = Debug|Any CPU
		{EE8CCB39-8111-4042-94DC-859CBB89ACCE}.Debug|Any CPU.Build.0 = Debug|Any CPU
		{EE8CCB39-8111-4042-94DC-859CBB89ACCE}.Release|Any CPU.ActiveCfg = Release|Any CPU
		{EE8CCB39-8111-4042-94DC-859CBB89ACCE}.Release|Any CPU.Build.0 = Release|Any CPU
	EndGlobalSection
	GlobalSection(SolutionProperties) = preSolution
		HideSolutionNode = FALSE
	EndGlobalSection
	GlobalSection(ExtensibilityGlobals) = postSolution
		SolutionGuid = {53D5546F-1FE2-4C13-B793-A9C6D4F64510}
	EndGlobalSection
EndGlobal
