
Microsoft Visual Studio Solution File, Format Version 12.00
# Visual Studio Version 16
VisualStudioVersion = 16.0.31205.134
MinimumVisualStudioVersion = 10.0.40219.1
Project("{FAE04EC0-301F-11D3-BF4B-00C04F79EFBC}") = "ZipCode", "ZipCode.csproj", "{15EC33F6-4D8E-4649-A372-7592119CD41F}"
EndProject
Global
	GlobalSection(SolutionConfigurationPlatforms) = preSolution
		Debug|Any CPU = Debug|Any CPU
		Release|Any CPU = Release|Any CPU
	EndGlobalSection
	GlobalSection(ProjectConfigurationPlatforms) = postSolution
		{15EC33F6-4D8E-4649-A372-7592119CD41F}.Debug|Any CPU.ActiveCfg = Debug|Any CPU
		{15EC33F6-4D8E-4649-A372-7592119CD41F}.Debug|Any CPU.Build.0 = Debug|Any CPU
		{15EC33F6-4D8E-4649-A372-7592119CD41F}.Release|Any CPU.ActiveCfg = Release|Any CPU
		{15EC33F6-4D8E-4649-A372-7592119CD41F}.Release|Any CPU.Build.0 = Release|Any CPU
	EndGlobalSection
	GlobalSection(SolutionProperties) = preSolution
		HideSolutionNode = FALSE
	EndGlobalSection
	GlobalSection(ExtensibilityGlobals) = postSolution
		SolutionGuid = {58EED2D4-F3E6-46A9-BB36-14604BF90755}
	EndGlobalSection
EndGlobal
